// !$*UTF8*$!
{
	archiveVersion = 1;
	classes = {
	};
	objectVersion = 50;
	objects = {

/* Begin PBXBuildFile section */
		2E6ADB42266ACFFA00E14B8C /* sha3.h in Headers */ = {isa = PBXBuildFile; fileRef = 2E6ADB38266ACFFA00E14B8C /* sha3.h */; };
		2E6ADB43266ACFFA00E14B8C /* sha256.h in Headers */ = {isa = PBXBuildFile; fileRef = 2E6ADB39266ACFFA00E14B8C /* sha256.h */; };
		2E6ADB46266ACFFA00E14B8C /* keccak.h in Headers */ = {isa = PBXBuildFile; fileRef = 2E6ADB3C266ACFFA00E14B8C /* keccak.h */; };
		2E6ADB47266ACFFA00E14B8C /* sha1.h in Headers */ = {isa = PBXBuildFile; fileRef = 2E6ADB3D266ACFFA00E14B8C /* sha1.h */; };
		2E6ADB48266ACFFA00E14B8C /* hash.h in Headers */ = {isa = PBXBuildFile; fileRef = 2E6ADB3E266ACFFA00E14B8C /* hash.h */; };
		2E6ADB49266ACFFA00E14B8C /* hmac.h in Headers */ = {isa = PBXBuildFile; fileRef = 2E6ADB3F266ACFFA00E14B8C /* hmac.h */; };
		2E6ADB4A266ACFFA00E14B8C /* sha256.cpp in Sources */ = {isa = PBXBuildFile; fileRef = 2E6ADB40266ACFFA00E14B8C /* sha256.cpp */; };
		2E7F8C2A2683AE250084DE87 /* TimeStamp.cpp in Sources */ = {isa = PBXBuildFile; fileRef = 2E7F8C282683AE240084DE87 /* TimeStamp.cpp */; };
		2E7F8C2B2683AE250084DE87 /* TimeStamp.hpp in Headers */ = {isa = PBXBuildFile; fileRef = 2E7F8C292683AE240084DE87 /* TimeStamp.hpp */; };
		2E7F8C302683AE2E0084DE87 /* LogMgr.cpp in Sources */ = {isa = PBXBuildFile; fileRef = 2E7F8C2E2683AE2E0084DE87 /* LogMgr.cpp */; };
		2E7F8C312683AE2E0084DE87 /* LogMgr.hpp in Headers */ = {isa = PBXBuildFile; fileRef = 2E7F8C2F2683AE2E0084DE87 /* LogMgr.hpp */; };
		2EA770DB261E213B00045F27 /* TCPServer.hpp in Sources */ = {isa = PBXBuildFile; fileRef = 2E83BB3025FC26EB000B2BA3 /* TCPServer.hpp */; };
		2EA770DC261E213B00045F27 /* TCPServer.cpp in Sources */ = {isa = PBXBuildFile; fileRef = 2E83BB2F25FC26EB000B2BA3 /* TCPServer.cpp */; };
		2EA770DD261E213B00045F27 /* RESTutils.hpp in Sources */ = {isa = PBXBuildFile; fileRef = 2EA770A8261E16F900045F27 /* RESTutils.hpp */; };
		2EA770DE261E213B00045F27 /* RESTutils.cpp in Sources */ = {isa = PBXBuildFile; fileRef = 2EA770A7261E16F900045F27 /* RESTutils.cpp */; };
		2EA770E3261E214600045F27 /* ServerCmdQueue.hpp in Sources */ = {isa = PBXBuildFile; fileRef = 2EB3990926053E45003ED779 /* ServerCmdQueue.hpp */; };
		2EA770E4261E214600045F27 /* ServerCmdQueue.cpp in Sources */ = {isa = PBXBuildFile; fileRef = 2EB3990826053E45003ED779 /* ServerCmdQueue.cpp */; };
		2EA770E6261E214600045F27 /* TCPClientInfo.hpp in Sources */ = {isa = PBXBuildFile; fileRef = 2EF5B41E2617945A006CC9B5 /* TCPClientInfo.hpp */; };
		2EA770E9261E214D00045F27 /* TelnetServerConnection.hpp in Sources */ = {isa = PBXBuildFile; fileRef = 2EFCF46325FD5D990048202E /* TelnetServerConnection.hpp */; };
		2EA770EA261E214D00045F27 /* TelnetServerConnection.cpp in Sources */ = {isa = PBXBuildFile; fileRef = 2EFCF46225FD5D990048202E /* TelnetServerConnection.cpp */; };
		2EA770EB261E214D00045F27 /* CmdLineRegistry.hpp in Sources */ = {isa = PBXBuildFile; fileRef = 2EA770A3261CB4D800045F27 /* CmdLineRegistry.hpp */; };
		2EA770EC261E214D00045F27 /* CmdLineRegistry.cpp in Sources */ = {isa = PBXBuildFile; fileRef = 2EA770A2261CB4D800045F27 /* CmdLineRegistry.cpp */; };
		2EA770ED261E214D00045F27 /* CmdLineMgr.hpp in Sources */ = {isa = PBXBuildFile; fileRef = 2E6A43D72601779600D8A806 /* CmdLineMgr.hpp */; };
		2EA770EE261E214D00045F27 /* CmdLineMgr.cpp in Sources */ = {isa = PBXBuildFile; fileRef = 2E6A43D62601779600D8A806 /* CmdLineMgr.cpp */; };
		2EA770EF261E214D00045F27 /* CmdLineBuffer.hpp in Sources */ = {isa = PBXBuildFile; fileRef = 2EFCF4A525FEC7560048202E /* CmdLineBuffer.hpp */; };
		2EA770F0261E214D00045F27 /* CmdLineBuffer.cpp in Sources */ = {isa = PBXBuildFile; fileRef = 2EFCF4A425FEC7560048202E /* CmdLineBuffer.cpp */; };
		2EA770F1261E214D00045F27 /* libtelnet.c in Sources */ = {isa = PBXBuildFile; fileRef = 2E83BB3325FC29B2000B2BA3 /* libtelnet.c */; };
		2EA770F2261E214D00045F27 /* libtelnet.h in Sources */ = {isa = PBXBuildFile; fileRef = 2E83BB3425FC29B2000B2BA3 /* libtelnet.h */; };
		2EA770F5261E215600045F27 /* RESTServerConnection.hpp in Sources */ = {isa = PBXBuildFile; fileRef = 2EFCF46A25FD62CA0048202E /* RESTServerConnection.hpp */; };
		2EA770F6261E215600045F27 /* RESTServerConnection.cpp in Sources */ = {isa = PBXBuildFile; fileRef = 2EFCF46925FD62CA0048202E /* RESTServerConnection.cpp */; };
		2EA770F7261E215600045F27 /* http_parser.c in Sources */ = {isa = PBXBuildFile; fileRef = 2E83BB3925FD4C35000B2BA3 /* http_parser.c */; };
		2EA770F8261E215600045F27 /* http_parser.h in Sources */ = {isa = PBXBuildFile; fileRef = 2E83BB3A25FD4C35000B2BA3 /* http_parser.h */; };
		2EA770F9261E215600045F27 /* yuarel.c in Sources */ = {isa = PBXBuildFile; fileRef = 2E83BB3D25FD4EB2000B2BA3 /* yuarel.c */; };
		2EA770FA261E215600045F27 /* yuarel.h in Sources */ = {isa = PBXBuildFile; fileRef = 2E83BB3E25FD4EB2000B2BA3 /* yuarel.h */; };
		2EA770FB261E215600045F27 /* CommonDefs.hpp in Sources */ = {isa = PBXBuildFile; fileRef = 2EB3990D26054D19003ED779 /* CommonDefs.hpp */; };
		2EA770FC261E215600045F27 /* json.hpp in Sources */ = {isa = PBXBuildFile; fileRef = 2EFCF46025FD57180048202E /* json.hpp */; };
		2EA770FD261E215600045F27 /* Utils.hpp in Sources */ = {isa = PBXBuildFile; fileRef = 2E6A43D42601139400D8A806 /* Utils.hpp */; };
		2EA7712E261E5E2F00045F27 /* TCPClientInfo.cpp in Sources */ = {isa = PBXBuildFile; fileRef = 2EA77126261E591D00045F27 /* TCPClientInfo.cpp */; };
		2EAB077F26420E9A00ABFD77 /* REST_URL.cpp in Sources */ = {isa = PBXBuildFile; fileRef = 2EAB077D26420E9A00ABFD77 /* REST_URL.cpp */; };
		2EAB078026420E9A00ABFD77 /* REST_URL.hpp in Headers */ = {isa = PBXBuildFile; fileRef = 2EAB077E26420E9A00ABFD77 /* REST_URL.hpp */; };
		2EC68B27264DA1B600541251 /* CmdLineHelp.cpp in Sources */ = {isa = PBXBuildFile; fileRef = 2EC68B25264DA1B600541251 /* CmdLineHelp.cpp */; };
		2EC68B28264DA1B600541251 /* CmdLineHelp.hpp in Headers */ = {isa = PBXBuildFile; fileRef = 2EC68B26264DA1B600541251 /* CmdLineHelp.hpp */; };
/* End PBXBuildFile section */

/* Begin PBXFileReference section */
		2E6A43D42601139400D8A806 /* Utils.hpp */ = {isa = PBXFileReference; lastKnownFileType = sourcecode.cpp.h; path = Utils.hpp; sourceTree = "<group>"; };
		2E6A43D62601779600D8A806 /* CmdLineMgr.cpp */ = {isa = PBXFileReference; lastKnownFileType = sourcecode.cpp.cpp; path = CmdLineMgr.cpp; sourceTree = "<group>"; };
		2E6A43D72601779600D8A806 /* CmdLineMgr.hpp */ = {isa = PBXFileReference; lastKnownFileType = sourcecode.cpp.h; path = CmdLineMgr.hpp; sourceTree = "<group>"; };
		2E6ADB38266ACFFA00E14B8C /* sha3.h */ = {isa = PBXFileReference; fileEncoding = 4; lastKnownFileType = sourcecode.c.h; path = sha3.h; sourceTree = "<group>"; };
		2E6ADB39266ACFFA00E14B8C /* sha256.h */ = {isa = PBXFileReference; fileEncoding = 4; lastKnownFileType = sourcecode.c.h; path = sha256.h; sourceTree = "<group>"; };
		2E6ADB3A266ACFFA00E14B8C /* keccak.cpp */ = {isa = PBXFileReference; fileEncoding = 4; lastKnownFileType = sourcecode.cpp.cpp; path = keccak.cpp; sourceTree = "<group>"; };
		2E6ADB3B266ACFFA00E14B8C /* sha1.cpp */ = {isa = PBXFileReference; fileEncoding = 4; lastKnownFileType = sourcecode.cpp.cpp; path = sha1.cpp; sourceTree = "<group>"; };
		2E6ADB3C266ACFFA00E14B8C /* keccak.h */ = {isa = PBXFileReference; fileEncoding = 4; lastKnownFileType = sourcecode.c.h; path = keccak.h; sourceTree = "<group>"; };
		2E6ADB3D266ACFFA00E14B8C /* sha1.h */ = {isa = PBXFileReference; fileEncoding = 4; lastKnownFileType = sourcecode.c.h; path = sha1.h; sourceTree = "<group>"; };
		2E6ADB3E266ACFFA00E14B8C /* hash.h */ = {isa = PBXFileReference; fileEncoding = 4; lastKnownFileType = sourcecode.c.h; path = hash.h; sourceTree = "<group>"; };
		2E6ADB3F266ACFFA00E14B8C /* hmac.h */ = {isa = PBXFileReference; fileEncoding = 4; lastKnownFileType = sourcecode.c.h; path = hmac.h; sourceTree = "<group>"; };
		2E6ADB40266ACFFA00E14B8C /* sha256.cpp */ = {isa = PBXFileReference; fileEncoding = 4; lastKnownFileType = sourcecode.cpp.cpp; path = sha256.cpp; sourceTree = "<group>"; };
		2E6ADB41266ACFFA00E14B8C /* sha3.cpp */ = {isa = PBXFileReference; fileEncoding = 4; lastKnownFileType = sourcecode.cpp.cpp; path = sha3.cpp; sourceTree = "<group>"; };
		2E7F8C282683AE240084DE87 /* TimeStamp.cpp */ = {isa = PBXFileReference; fileEncoding = 4; lastKnownFileType = sourcecode.cpp.cpp; path = TimeStamp.cpp; sourceTree = "<group>"; };
		2E7F8C292683AE240084DE87 /* TimeStamp.hpp */ = {isa = PBXFileReference; fileEncoding = 4; lastKnownFileType = sourcecode.cpp.h; path = TimeStamp.hpp; sourceTree = "<group>"; };
		2E7F8C2E2683AE2E0084DE87 /* LogMgr.cpp */ = {isa = PBXFileReference; fileEncoding = 4; lastKnownFileType = sourcecode.cpp.cpp; path = LogMgr.cpp; sourceTree = "<group>"; };
		2E7F8C2F2683AE2E0084DE87 /* LogMgr.hpp */ = {isa = PBXFileReference; fileEncoding = 4; lastKnownFileType = sourcecode.cpp.h; path = LogMgr.hpp; sourceTree = "<group>"; };
		2E83BB2F25FC26EB000B2BA3 /* TCPServer.cpp */ = {isa = PBXFileReference; fileEncoding = 4; lastKnownFileType = sourcecode.cpp.cpp; path = TCPServer.cpp; sourceTree = "<group>"; };
		2E83BB3025FC26EB000B2BA3 /* TCPServer.hpp */ = {isa = PBXFileReference; fileEncoding = 4; lastKnownFileType = sourcecode.cpp.h; path = TCPServer.hpp; sourceTree = "<group>"; };
		2E83BB3325FC29B2000B2BA3 /* libtelnet.c */ = {isa = PBXFileReference; fileEncoding = 4; lastKnownFileType = sourcecode.c.c; path = libtelnet.c; sourceTree = "<group>"; };
		2E83BB3425FC29B2000B2BA3 /* libtelnet.h */ = {isa = PBXFileReference; fileEncoding = 4; lastKnownFileType = sourcecode.c.h; path = libtelnet.h; sourceTree = "<group>"; };
		2E83BB3925FD4C35000B2BA3 /* http_parser.c */ = {isa = PBXFileReference; fileEncoding = 4; lastKnownFileType = sourcecode.c.c; path = http_parser.c; sourceTree = "<group>"; };
		2E83BB3A25FD4C35000B2BA3 /* http_parser.h */ = {isa = PBXFileReference; fileEncoding = 4; lastKnownFileType = sourcecode.c.h; path = http_parser.h; sourceTree = "<group>"; };
		2E83BB3D25FD4EB2000B2BA3 /* yuarel.c */ = {isa = PBXFileReference; fileEncoding = 4; lastKnownFileType = sourcecode.c.c; path = yuarel.c; sourceTree = "<group>"; };
		2E83BB3E25FD4EB2000B2BA3 /* yuarel.h */ = {isa = PBXFileReference; fileEncoding = 4; lastKnownFileType = sourcecode.c.h; path = yuarel.h; sourceTree = "<group>"; };
		2EA770A2261CB4D800045F27 /* CmdLineRegistry.cpp */ = {isa = PBXFileReference; lastKnownFileType = sourcecode.cpp.cpp; path = CmdLineRegistry.cpp; sourceTree = "<group>"; };
		2EA770A3261CB4D800045F27 /* CmdLineRegistry.hpp */ = {isa = PBXFileReference; lastKnownFileType = sourcecode.cpp.h; path = CmdLineRegistry.hpp; sourceTree = "<group>"; };
		2EA770A7261E16F900045F27 /* RESTutils.cpp */ = {isa = PBXFileReference; lastKnownFileType = sourcecode.cpp.cpp; path = RESTutils.cpp; sourceTree = "<group>"; };
		2EA770A8261E16F900045F27 /* RESTutils.hpp */ = {isa = PBXFileReference; lastKnownFileType = sourcecode.cpp.h; path = RESTutils.hpp; sourceTree = "<group>"; };
		2EA770C9261E20FC00045F27 /* libFOOServer.a */ = {isa = PBXFileReference; explicitFileType = archive.ar; includeInIndex = 0; path = libFOOServer.a; sourceTree = BUILT_PRODUCTS_DIR; };
		2EA77126261E591D00045F27 /* TCPClientInfo.cpp */ = {isa = PBXFileReference; lastKnownFileType = sourcecode.cpp.cpp; path = TCPClientInfo.cpp; sourceTree = "<group>"; };
		2EAB077D26420E9A00ABFD77 /* REST_URL.cpp */ = {isa = PBXFileReference; lastKnownFileType = sourcecode.cpp.cpp; path = REST_URL.cpp; sourceTree = "<group>"; };
		2EAB077E26420E9A00ABFD77 /* REST_URL.hpp */ = {isa = PBXFileReference; lastKnownFileType = sourcecode.cpp.h; path = REST_URL.hpp; sourceTree = "<group>"; };
		2EB3990826053E45003ED779 /* ServerCmdQueue.cpp */ = {isa = PBXFileReference; lastKnownFileType = sourcecode.cpp.cpp; path = ServerCmdQueue.cpp; sourceTree = "<group>"; };
		2EB3990926053E45003ED779 /* ServerCmdQueue.hpp */ = {isa = PBXFileReference; lastKnownFileType = sourcecode.cpp.h; path = ServerCmdQueue.hpp; sourceTree = "<group>"; };
		2EB3990D26054D19003ED779 /* CommonDefs.hpp */ = {isa = PBXFileReference; lastKnownFileType = sourcecode.cpp.h; path = CommonDefs.hpp; sourceTree = "<group>"; };
		2EC68B25264DA1B600541251 /* CmdLineHelp.cpp */ = {isa = PBXFileReference; lastKnownFileType = sourcecode.cpp.cpp; path = CmdLineHelp.cpp; sourceTree = "<group>"; };
		2EC68B26264DA1B600541251 /* CmdLineHelp.hpp */ = {isa = PBXFileReference; lastKnownFileType = sourcecode.cpp.h; path = CmdLineHelp.hpp; sourceTree = "<group>"; };
		2EF5B41E2617945A006CC9B5 /* TCPClientInfo.hpp */ = {isa = PBXFileReference; lastKnownFileType = sourcecode.cpp.h; path = TCPClientInfo.hpp; sourceTree = "<group>"; };
		2EFCF46025FD57180048202E /* json.hpp */ = {isa = PBXFileReference; lastKnownFileType = sourcecode.cpp.h; path = json.hpp; sourceTree = "<group>"; };
		2EFCF46225FD5D990048202E /* TelnetServerConnection.cpp */ = {isa = PBXFileReference; lastKnownFileType = sourcecode.cpp.cpp; path = TelnetServerConnection.cpp; sourceTree = "<group>"; };
		2EFCF46325FD5D990048202E /* TelnetServerConnection.hpp */ = {isa = PBXFileReference; lastKnownFileType = sourcecode.cpp.h; path = TelnetServerConnection.hpp; sourceTree = "<group>"; };
		2EFCF46925FD62CA0048202E /* RESTServerConnection.cpp */ = {isa = PBXFileReference; lastKnownFileType = sourcecode.cpp.cpp; path = RESTServerConnection.cpp; sourceTree = "<group>"; };
		2EFCF46A25FD62CA0048202E /* RESTServerConnection.hpp */ = {isa = PBXFileReference; lastKnownFileType = sourcecode.cpp.h; path = RESTServerConnection.hpp; sourceTree = "<group>"; };
		2EFCF4A425FEC7560048202E /* CmdLineBuffer.cpp */ = {isa = PBXFileReference; lastKnownFileType = sourcecode.cpp.cpp; path = CmdLineBuffer.cpp; sourceTree = "<group>"; };
		2EFCF4A525FEC7560048202E /* CmdLineBuffer.hpp */ = {isa = PBXFileReference; lastKnownFileType = sourcecode.cpp.h; path = CmdLineBuffer.hpp; sourceTree = "<group>"; };
/* End PBXFileReference section */

/* Begin PBXFrameworksBuildPhase section */
		2EA770C7261E20FC00045F27 /* Frameworks */ = {
			isa = PBXFrameworksBuildPhase;
			buildActionMask = 2147483647;
			files = (
			);
			runOnlyForDeploymentPostprocessing = 0;
		};
/* End PBXFrameworksBuildPhase section */

/* Begin PBXGroup section */
		2E6A43D8260177A600D8A806 /* Telnet */ = {
			isa = PBXGroup;
			children = (
				2EFCF46325FD5D990048202E /* TelnetServerConnection.hpp */,
				2EFCF46225FD5D990048202E /* TelnetServerConnection.cpp */,
				2EA770A3261CB4D800045F27 /* CmdLineRegistry.hpp */,
				2EA770A2261CB4D800045F27 /* CmdLineRegistry.cpp */,
				2E6A43D72601779600D8A806 /* CmdLineMgr.hpp */,
				2E6A43D62601779600D8A806 /* CmdLineMgr.cpp */,
				2EFCF4A525FEC7560048202E /* CmdLineBuffer.hpp */,
				2EFCF4A425FEC7560048202E /* CmdLineBuffer.cpp */,
				2EC68B26264DA1B600541251 /* CmdLineHelp.hpp */,
				2EC68B25264DA1B600541251 /* CmdLineHelp.cpp */,
				2E83BB3325FC29B2000B2BA3 /* libtelnet.c */,
				2E83BB3425FC29B2000B2BA3 /* libtelnet.h */,
			);
			path = Telnet;
			sourceTree = "<group>";
		};
		2E6A43DE2601888000D8A806 /* REST */ = {
			isa = PBXGroup;
			children = (
				2EFCF46A25FD62CA0048202E /* RESTServerConnection.hpp */,
				2EFCF46925FD62CA0048202E /* RESTServerConnection.cpp */,
				2EAB077E26420E9A00ABFD77 /* REST_URL.hpp */,
				2EAB077D26420E9A00ABFD77 /* REST_URL.cpp */,
				2E83BB3925FD4C35000B2BA3 /* http_parser.c */,
				2E83BB3A25FD4C35000B2BA3 /* http_parser.h */,
				2E83BB3D25FD4EB2000B2BA3 /* yuarel.c */,
				2E83BB3E25FD4EB2000B2BA3 /* yuarel.h */,
			);
			path = REST;
			sourceTree = "<group>";
		};
		2E6ADB37266ACF9D00E14B8C /* hash-library */ = {
			isa = PBXGroup;
			children = (
				2E6ADB3E266ACFFA00E14B8C /* hash.h */,
				2E6ADB3F266ACFFA00E14B8C /* hmac.h */,
				2E6ADB3A266ACFFA00E14B8C /* keccak.cpp */,
				2E6ADB3C266ACFFA00E14B8C /* keccak.h */,
				2E6ADB3B266ACFFA00E14B8C /* sha1.cpp */,
				2E6ADB3D266ACFFA00E14B8C /* sha1.h */,
				2E6ADB41266ACFFA00E14B8C /* sha3.cpp */,
				2E6ADB38266ACFFA00E14B8C /* sha3.h */,
				2E6ADB40266ACFFA00E14B8C /* sha256.cpp */,
				2E6ADB39266ACFFA00E14B8C /* sha256.h */,
			);
			path = "hash-library";
			sourceTree = "<group>";
		};
		2E83BB1B25FC26A6000B2BA3 = {
			isa = PBXGroup;
			children = (
				2E83BB2625FC26A6000B2BA3 /* src */,
				2E83BB2525FC26A6000B2BA3 /* Products */,
				2EA7714E261FBEE000045F27 /* Frameworks */,
			);
			sourceTree = "<group>";
		};
		2E83BB2525FC26A6000B2BA3 /* Products */ = {
			isa = PBXGroup;
			children = (
				2EA770C9261E20FC00045F27 /* libFOOServer.a */,
			);
			name = Products;
			sourceTree = "<group>";
		};
		2E83BB2625FC26A6000B2BA3 /* src */ = {
			isa = PBXGroup;
			children = (
				2E6ADB37266ACF9D00E14B8C /* hash-library */,
				2EB3990926053E45003ED779 /* ServerCmdQueue.hpp */,
				2EB3990826053E45003ED779 /* ServerCmdQueue.cpp */,
				2EF5B41E2617945A006CC9B5 /* TCPClientInfo.hpp */,
				2EA77126261E591D00045F27 /* TCPClientInfo.cpp */,
				2E83BB3025FC26EB000B2BA3 /* TCPServer.hpp */,
				2E83BB2F25FC26EB000B2BA3 /* TCPServer.cpp */,
				2EA770A8261E16F900045F27 /* RESTutils.hpp */,
				2EA770A7261E16F900045F27 /* RESTutils.cpp */,
				2E6A43D8260177A600D8A806 /* Telnet */,
				2E6A43DE2601888000D8A806 /* REST */,
				2EB3990D26054D19003ED779 /* CommonDefs.hpp */,
				2E7F8C292683AE240084DE87 /* TimeStamp.hpp */,
				2E7F8C282683AE240084DE87 /* TimeStamp.cpp */,
				2E7F8C2E2683AE2E0084DE87 /* LogMgr.cpp */,
				2E7F8C2F2683AE2E0084DE87 /* LogMgr.hpp */,
				2EFCF46025FD57180048202E /* json.hpp */,
				2E6A43D42601139400D8A806 /* Utils.hpp */,
			);
			path = src;
			sourceTree = "<group>";
		};
		2EA7714E261FBEE000045F27 /* Frameworks */ = {
			isa = PBXGroup;
			children = (
			);
			name = Frameworks;
			sourceTree = "<group>";
		};
/* End PBXGroup section */

/* Begin PBXHeadersBuildPhase section */
		2EA770C5261E20FC00045F27 /* Headers */ = {
			isa = PBXHeadersBuildPhase;
			buildActionMask = 2147483647;
			files = (
				2EC68B28264DA1B600541251 /* CmdLineHelp.hpp in Headers */,
				2E6ADB47266ACFFA00E14B8C /* sha1.h in Headers */,
				2E7F8C2B2683AE250084DE87 /* TimeStamp.hpp in Headers */,
				2E6ADB48266ACFFA00E14B8C /* hash.h in Headers */,
				2EAB078026420E9A00ABFD77 /* REST_URL.hpp in Headers */,
				2E6ADB42266ACFFA00E14B8C /* sha3.h in Headers */,
				2E7F8C312683AE2E0084DE87 /* LogMgr.hpp in Headers */,
				2E6ADB49266ACFFA00E14B8C /* hmac.h in Headers */,
				2E6ADB46266ACFFA00E14B8C /* keccak.h in Headers */,
				2E6ADB43266ACFFA00E14B8C /* sha256.h in Headers */,
			);
			runOnlyForDeploymentPostprocessing = 0;
		};
/* End PBXHeadersBuildPhase section */

/* Begin PBXNativeTarget section */
		2EA770C8261E20FC00045F27 /* FOOServer */ = {
			isa = PBXNativeTarget;
			buildConfigurationList = 2EA770CA261E20FC00045F27 /* Build configuration list for PBXNativeTarget "FOOServer" */;
			buildPhases = (
				2EA770C5261E20FC00045F27 /* Headers */,
				2EA770C6261E20FC00045F27 /* Sources */,
				2EA770C7261E20FC00045F27 /* Frameworks */,
			);
			buildRules = (
			);
			dependencies = (
			);
			name = FOOServer;
			productName = FOOServer;
			productReference = 2EA770C9261E20FC00045F27 /* libFOOServer.a */;
			productType = "com.apple.product-type.library.static";
		};
/* End PBXNativeTarget section */

/* Begin PBXProject section */
		2E83BB1C25FC26A6000B2BA3 /* Project object */ = {
			isa = PBXProject;
			attributes = {
				LastUpgradeCheck = 1240;
				TargetAttributes = {
					2EA770C8261E20FC00045F27 = {
						CreatedOnToolsVersion = 12.4;
					};
				};
			};
			buildConfigurationList = 2E83BB1F25FC26A6000B2BA3 /* Build configuration list for PBXProject "FooServer" */;
			compatibilityVersion = "Xcode 9.3";
			developmentRegion = en;
			hasScannedForEncodings = 0;
			knownRegions = (
				en,
				Base,
			);
			mainGroup = 2E83BB1B25FC26A6000B2BA3;
			productRefGroup = 2E83BB2525FC26A6000B2BA3 /* Products */;
			projectDirPath = "";
			projectRoot = "";
			targets = (
				2EA770C8261E20FC00045F27 /* FOOServer */,
			);
		};
/* End PBXProject section */

/* Begin PBXSourcesBuildPhase section */
		2EA770C6261E20FC00045F27 /* Sources */ = {
			isa = PBXSourcesBuildPhase;
			buildActionMask = 2147483647;
			files = (
				2EA770F5261E215600045F27 /* RESTServerConnection.hpp in Sources */,
				2EA770F6261E215600045F27 /* RESTServerConnection.cpp in Sources */,
				2EA770F7261E215600045F27 /* http_parser.c in Sources */,
				2E7F8C302683AE2E0084DE87 /* LogMgr.cpp in Sources */,
				2E7F8C2A2683AE250084DE87 /* TimeStamp.cpp in Sources */,
				2EA770F8261E215600045F27 /* http_parser.h in Sources */,
				2EA770F9261E215600045F27 /* yuarel.c in Sources */,
				2EC68B27264DA1B600541251 /* CmdLineHelp.cpp in Sources */,
				2EA7712E261E5E2F00045F27 /* TCPClientInfo.cpp in Sources */,
				2EA770FA261E215600045F27 /* yuarel.h in Sources */,
				2EA770FB261E215600045F27 /* CommonDefs.hpp in Sources */,
				2EA770FC261E215600045F27 /* json.hpp in Sources */,
				2EA770FD261E215600045F27 /* Utils.hpp in Sources */,
				2EA770E9261E214D00045F27 /* TelnetServerConnection.hpp in Sources */,
				2EA770EA261E214D00045F27 /* TelnetServerConnection.cpp in Sources */,
				2EA770EB261E214D00045F27 /* CmdLineRegistry.hpp in Sources */,
				2EA770EC261E214D00045F27 /* CmdLineRegistry.cpp in Sources */,
				2EA770ED261E214D00045F27 /* CmdLineMgr.hpp in Sources */,
				2EA770EE261E214D00045F27 /* CmdLineMgr.cpp in Sources */,
				2EA770EF261E214D00045F27 /* CmdLineBuffer.hpp in Sources */,
				2E6ADB4A266ACFFA00E14B8C /* sha256.cpp in Sources */,
				2EA770F0261E214D00045F27 /* CmdLineBuffer.cpp in Sources */,
				2EA770F1261E214D00045F27 /* libtelnet.c in Sources */,
				2EAB077F26420E9A00ABFD77 /* REST_URL.cpp in Sources */,
				2EA770F2261E214D00045F27 /* libtelnet.h in Sources */,
				2EA770E3261E214600045F27 /* ServerCmdQueue.hpp in Sources */,
				2EA770E4261E214600045F27 /* ServerCmdQueue.cpp in Sources */,
				2EA770E6261E214600045F27 /* TCPClientInfo.hpp in Sources */,
				2EA770DB261E213B00045F27 /* TCPServer.hpp in Sources */,
				2EA770DC261E213B00045F27 /* TCPServer.cpp in Sources */,
				2EA770DD261E213B00045F27 /* RESTutils.hpp in Sources */,
				2EA770DE261E213B00045F27 /* RESTutils.cpp in Sources */,
			);
			runOnlyForDeploymentPostprocessing = 0;
		};
/* End PBXSourcesBuildPhase section */

/* Begin XCBuildConfiguration section */
		2E83BB2925FC26A6000B2BA3 /* Debug */ = {
			isa = XCBuildConfiguration;
			buildSettings = {
				ALWAYS_SEARCH_USER_PATHS = NO;
				CLANG_ANALYZER_NONNULL = YES;
				CLANG_ANALYZER_NUMBER_OBJECT_CONVERSION = YES_AGGRESSIVE;
				CLANG_CXX_LANGUAGE_STANDARD = "c++17";
				CLANG_CXX_LIBRARY = "libc++";
				CLANG_ENABLE_MODULES = YES;
				CLANG_ENABLE_OBJC_ARC = YES;
				CLANG_ENABLE_OBJC_WEAK = YES;
				CLANG_WARN_BLOCK_CAPTURE_AUTORELEASING = YES;
				CLANG_WARN_BOOL_CONVERSION = YES;
				CLANG_WARN_COMMA = YES;
				CLANG_WARN_CONSTANT_CONVERSION = YES;
				CLANG_WARN_DEPRECATED_OBJC_IMPLEMENTATIONS = YES;
				CLANG_WARN_DIRECT_OBJC_ISA_USAGE = YES_ERROR;
				CLANG_WARN_DOCUMENTATION_COMMENTS = YES;
				CLANG_WARN_EMPTY_BODY = YES;
				CLANG_WARN_ENUM_CONVERSION = YES;
				CLANG_WARN_INFINITE_RECURSION = YES;
				CLANG_WARN_INT_CONVERSION = YES;
				CLANG_WARN_NON_LITERAL_NULL_CONVERSION = YES;
				CLANG_WARN_OBJC_IMPLICIT_RETAIN_SELF = YES;
				CLANG_WARN_OBJC_LITERAL_CONVERSION = YES;
				CLANG_WARN_OBJC_ROOT_CLASS = YES_ERROR;
				CLANG_WARN_QUOTED_INCLUDE_IN_FRAMEWORK_HEADER = YES;
				CLANG_WARN_RANGE_LOOP_ANALYSIS = YES;
				CLANG_WARN_STRICT_PROTOTYPES = YES;
				CLANG_WARN_SUSPICIOUS_MOVE = YES;
				CLANG_WARN_UNGUARDED_AVAILABILITY = YES_AGGRESSIVE;
				CLANG_WARN_UNREACHABLE_CODE = YES;
				CLANG_WARN__DUPLICATE_METHOD_MATCH = YES;
				COPY_PHASE_STRIP = NO;
				DEBUG_INFORMATION_FORMAT = dwarf;
				ENABLE_STRICT_OBJC_MSGSEND = YES;
				ENABLE_TESTABILITY = YES;
				GCC_C_LANGUAGE_STANDARD = gnu11;
				GCC_DYNAMIC_NO_PIC = NO;
				GCC_NO_COMMON_BLOCKS = YES;
				GCC_OPTIMIZATION_LEVEL = 0;
				GCC_PREPROCESSOR_DEFINITIONS = (
					"DEBUG=1",
					"$(inherited)",
				);
				GCC_WARN_64_TO_32_BIT_CONVERSION = YES;
				GCC_WARN_ABOUT_RETURN_TYPE = YES_ERROR;
				GCC_WARN_UNDECLARED_SELECTOR = YES;
				GCC_WARN_UNINITIALIZED_AUTOS = YES_AGGRESSIVE;
				GCC_WARN_UNUSED_FUNCTION = YES;
				GCC_WARN_UNUSED_VARIABLE = YES;
				MACOSX_DEPLOYMENT_TARGET = 10.15;
				MTL_ENABLE_DEBUG_INFO = INCLUDE_SOURCE;
				MTL_FAST_MATH = YES;
				ONLY_ACTIVE_ARCH = YES;
				SDKROOT = macosx;
			};
			name = Debug;
		};
		2E83BB2A25FC26A6000B2BA3 /* Release */ = {
			isa = XCBuildConfiguration;
			buildSettings = {
				ALWAYS_SEARCH_USER_PATHS = NO;
				CLANG_ANALYZER_NONNULL = YES;
				CLANG_ANALYZER_NUMBER_OBJECT_CONVERSION = YES_AGGRESSIVE;
				CLANG_CXX_LANGUAGE_STANDARD = "c++17";
				CLANG_CXX_LIBRARY = "libc++";
				CLANG_ENABLE_MODULES = YES;
				CLANG_ENABLE_OBJC_ARC = YES;
				CLANG_ENABLE_OBJC_WEAK = YES;
				CLANG_WARN_BLOCK_CAPTURE_AUTORELEASING = YES;
				CLANG_WARN_BOOL_CONVERSION = YES;
				CLANG_WARN_COMMA = YES;
				CLANG_WARN_CONSTANT_CONVERSION = YES;
				CLANG_WARN_DEPRECATED_OBJC_IMPLEMENTATIONS = YES;
				CLANG_WARN_DIRECT_OBJC_ISA_USAGE = YES_ERROR;
				CLANG_WARN_DOCUMENTATION_COMMENTS = YES;
				CLANG_WARN_EMPTY_BODY = YES;
				CLANG_WARN_ENUM_CONVERSION = YES;
				CLANG_WARN_INFINITE_RECURSION = YES;
				CLANG_WARN_INT_CONVERSION = YES;
				CLANG_WARN_NON_LITERAL_NULL_CONVERSION = YES;
				CLANG_WARN_OBJC_IMPLICIT_RETAIN_SELF = YES;
				CLANG_WARN_OBJC_LITERAL_CONVERSION = YES;
				CLANG_WARN_OBJC_ROOT_CLASS = YES_ERROR;
				CLANG_WARN_QUOTED_INCLUDE_IN_FRAMEWORK_HEADER = YES;
				CLANG_WARN_RANGE_LOOP_ANALYSIS = YES;
				CLANG_WARN_STRICT_PROTOTYPES = YES;
				CLANG_WARN_SUSPICIOUS_MOVE = YES;
				CLANG_WARN_UNGUARDED_AVAILABILITY = YES_AGGRESSIVE;
				CLANG_WARN_UNREACHABLE_CODE = YES;
				CLANG_WARN__DUPLICATE_METHOD_MATCH = YES;
				COPY_PHASE_STRIP = NO;
				DEBUG_INFORMATION_FORMAT = "dwarf-with-dsym";
				ENABLE_NS_ASSERTIONS = NO;
				ENABLE_STRICT_OBJC_MSGSEND = YES;
				GCC_C_LANGUAGE_STANDARD = gnu11;
				GCC_NO_COMMON_BLOCKS = YES;
				GCC_WARN_64_TO_32_BIT_CONVERSION = YES;
				GCC_WARN_ABOUT_RETURN_TYPE = YES_ERROR;
				GCC_WARN_UNDECLARED_SELECTOR = YES;
				GCC_WARN_UNINITIALIZED_AUTOS = YES_AGGRESSIVE;
				GCC_WARN_UNUSED_FUNCTION = YES;
				GCC_WARN_UNUSED_VARIABLE = YES;
				MACOSX_DEPLOYMENT_TARGET = 10.15;
				MTL_ENABLE_DEBUG_INFO = NO;
				MTL_FAST_MATH = YES;
				SDKROOT = macosx;
			};
			name = Release;
		};
		2EA770CB261E20FC00045F27 /* Debug */ = {
			isa = XCBuildConfiguration;
			buildSettings = {
				CLANG_CXX_LANGUAGE_STANDARD = "c++17";
				CLANG_WARN__EXIT_TIME_DESTRUCTORS = YES;
				CODE_SIGN_STYLE = Automatic;
				DEVELOPMENT_TEAM = PDXWT4JFG9;
				EXECUTABLE_PREFIX = lib;
				GCC_WARN_HIDDEN_VIRTUAL_FUNCTIONS = YES;
				GCC_WARN_NON_VIRTUAL_DESTRUCTOR = YES;
				PRODUCT_NAME = "$(TARGET_NAME)";
				SKIP_INSTALL = YES;
			};
			name = Debug;
		};
		2EA770CC261E20FC00045F27 /* Release */ = {
			isa = XCBuildConfiguration;
			buildSettings = {
				CLANG_CXX_LANGUAGE_STANDARD = "c++17";
				CLANG_WARN__EXIT_TIME_DESTRUCTORS = YES;
				CODE_SIGN_STYLE = Automatic;
				DEVELOPMENT_TEAM = PDXWT4JFG9;
				EXECUTABLE_PREFIX = lib;
				GCC_WARN_HIDDEN_VIRTUAL_FUNCTIONS = YES;
				GCC_WARN_NON_VIRTUAL_DESTRUCTOR = YES;
				PRODUCT_NAME = "$(TARGET_NAME)";
				SKIP_INSTALL = YES;
			};
			name = Release;
		};
/* End XCBuildConfiguration section */

/* Begin XCConfigurationList section */
		2E83BB1F25FC26A6000B2BA3 /* Build configuration list for PBXProject "FooServer" */ = {
			isa = XCConfigurationList;
			buildConfigurations = (
				2E83BB2925FC26A6000B2BA3 /* Debug */,
				2E83BB2A25FC26A6000B2BA3 /* Release */,
			);
			defaultConfigurationIsVisible = 0;
			defaultConfigurationName = Release;
		};
		2EA770CA261E20FC00045F27 /* Build configuration list for PBXNativeTarget "FOOServer" */ = {
			isa = XCConfigurationList;
			buildConfigurations = (
				2EA770CB261E20FC00045F27 /* Debug */,
				2EA770CC261E20FC00045F27 /* Release */,
			);
			defaultConfigurationIsVisible = 0;
			defaultConfigurationName = Release;
		};
/* End XCConfigurationList section */
	};
	rootObject = 2E83BB1C25FC26A6000B2BA3 /* Project object */;
}
